
Microsoft Visual Studio Solution File, Format Version 12.00
# Visual Studio 15
VisualStudioVersion = 15.0.27004.2005
MinimumVisualStudioVersion = 10.0.40219.1
Project("{FAE04EC0-301F-11D3-BF4B-00C04F79EFBC}") = "HashCode", "HashCode\HashCode.csproj", "{CEAC16F7-0D98-4CED-871A-BE9EC4ACE8D0}"
EndProject
Global
	GlobalSection(SolutionConfigurationPlatforms) = preSolution
		Debug|Any CPU = Debug|Any CPU
		Release|Any CPU = Release|Any CPU
	EndGlobalSection
	GlobalSection(ProjectConfigurationPlatforms) = postSolution
		{CEAC16F7-0D98-4CED-871A-BE9EC4ACE8D0}.Debug|Any CPU.ActiveCfg = Debug|Any CPU
		{CEAC16F7-0D98-4CED-871A-BE9EC4ACE8D0}.Debug|Any CPU.Build.0 = Debug|Any CPU
		{CEAC16F7-0D98-4CED-871A-BE9EC4ACE8D0}.Release|Any CPU.ActiveCfg = Release|Any CPU
		{CEAC16F7-0D98-4CED-871A-BE9EC4ACE8D0}.Release|Any CPU.Build.0 = Release|Any CPU
	EndGlobalSection
	GlobalSection(SolutionProperties) = preSolution
		HideSolutionNode = FALSE
	EndGlobalSection
	GlobalSection(ExtensibilityGlobals) = postSolution
		SolutionGuid = {C011F69D-ACD6-4E48-A730-04394B214F42}
	EndGlobalSection
EndGlobal
